// !$*UTF8*$!
{
	archiveVersion = 1;
	classes = {
	};
	objectVersion = 46;
	objects = {

/* Begin PBXBuildFile section */
		0A1947A068C7B98101000FD9 /* Pods_urlaction.framework in Frameworks */ = {isa = PBXBuildFile; fileRef = 5C4AD3646A97A695472901A6 /* Pods_urlaction.framework */; };
		B9A42FD75254EE4314509A2B /* Pods_pr.framework in Frameworks */ = {isa = PBXBuildFile; fileRef = 4D44BDD54356B7571AC3AAE0 /* Pods_pr.framework */; };
		CE3259361E9F99F6005E5768 /* Item.swift in Sources */ = {isa = PBXBuildFile; fileRef = CE3259351E9F99F6005E5768 /* Item.swift */; };
		CE3259371E9F99F6005E5768 /* Item.swift in Sources */ = {isa = PBXBuildFile; fileRef = CE3259351E9F99F6005E5768 /* Item.swift */; };
		CE3259391EA0BE4C005E5768 /* PriceNode.swift in Sources */ = {isa = PBXBuildFile; fileRef = CE3259381EA0BE4C005E5768 /* PriceNode.swift */; };
		CE32593A1EA0BE4C005E5768 /* PriceNode.swift in Sources */ = {isa = PBXBuildFile; fileRef = CE3259381EA0BE4C005E5768 /* PriceNode.swift */; };
		CE32593C1EA0BE81005E5768 /* TrendingNode.swift in Sources */ = {isa = PBXBuildFile; fileRef = CE32593B1EA0BE81005E5768 /* TrendingNode.swift */; };
		CE32593D1EA0BE81005E5768 /* TrendingNode.swift in Sources */ = {isa = PBXBuildFile; fileRef = CE32593B1EA0BE81005E5768 /* TrendingNode.swift */; };
		CE32593F1EA0C079005E5768 /* InformationNode.swift in Sources */ = {isa = PBXBuildFile; fileRef = CE32593E1EA0C079005E5768 /* InformationNode.swift */; };
		CE3259401EA0C079005E5768 /* InformationNode.swift in Sources */ = {isa = PBXBuildFile; fileRef = CE32593E1EA0C079005E5768 /* InformationNode.swift */; };
		CE54CAEB1E925762000CC3E8 /* AppDelegate.swift in Sources */ = {isa = PBXBuildFile; fileRef = CE54CAEA1E925762000CC3E8 /* AppDelegate.swift */; };
		CE54CAF21E925762000CC3E8 /* Assets.xcassets in Resources */ = {isa = PBXBuildFile; fileRef = CE54CAF11E925762000CC3E8 /* Assets.xcassets */; };
		CE54CAF51E925762000CC3E8 /* LaunchScreen.storyboard in Resources */ = {isa = PBXBuildFile; fileRef = CE54CAF31E925762000CC3E8 /* LaunchScreen.storyboard */; };
		CE54CB031E9257AF000CC3E8 /* ActionViewController.swift in Sources */ = {isa = PBXBuildFile; fileRef = CE54CB021E9257AF000CC3E8 /* ActionViewController.swift */; };
		CE54CB061E9257AF000CC3E8 /* MainInterface.storyboard in Resources */ = {isa = PBXBuildFile; fileRef = CE54CB041E9257AF000CC3E8 /* MainInterface.storyboard */; };
		CE54CB0A1E9257AF000CC3E8 /* urlaction.appex in Embed App Extensions */ = {isa = PBXBuildFile; fileRef = CE54CB001E9257AF000CC3E8 /* urlaction.appex */; settings = {ATTRIBUTES = (RemoveHeadersOnCopy, ); }; };
		CE654A2E1EC0C8B10043C443 /* UsagePages.storyboard in Resources */ = {isa = PBXBuildFile; fileRef = CE654A2D1EC0C8B10043C443 /* UsagePages.storyboard */; };
		CE65C8521EB5BDED00B39752 /* Me.swift in Sources */ = {isa = PBXBuildFile; fileRef = CE65C8511EB5BDED00B39752 /* Me.swift */; };
		CE65C8591EB60CF900B39752 /* URLSchemesViewController.swift in Sources */ = {isa = PBXBuildFile; fileRef = CE65C8581EB60CF900B39752 /* URLSchemesViewController.swift */; };
		CE8A80D01EA352610021C69B /* PRConfig.swift in Sources */ = {isa = PBXBuildFile; fileRef = CE8A80CF1EA352610021C69B /* PRConfig.swift */; };
		CE8A80D11EA352610021C69B /* PRConfig.swift in Sources */ = {isa = PBXBuildFile; fileRef = CE8A80CF1EA352610021C69B /* PRConfig.swift */; };
		CE8A80D41EA381A80021C69B /* MineViewController.swift in Sources */ = {isa = PBXBuildFile; fileRef = CE8A80D31EA381A80021C69B /* MineViewController.swift */; };
		CE8A80D61EA39CC70021C69B /* PRTabbarItemView.swift in Sources */ = {isa = PBXBuildFile; fileRef = CE8A80D51EA39CC70021C69B /* PRTabbarItemView.swift */; };
		CE8A80D91EA3A16F0021C69B /* UIColor+PR.swift in Sources */ = {isa = PBXBuildFile; fileRef = CE8A80D81EA3A16F0021C69B /* UIColor+PR.swift */; };
		CE8A80DA1EA3A16F0021C69B /* UIColor+PR.swift in Sources */ = {isa = PBXBuildFile; fileRef = CE8A80D81EA3A16F0021C69B /* UIColor+PR.swift */; };
		CE8A80DC1EA3A8190021C69B /* SettingsViewController.swift in Sources */ = {isa = PBXBuildFile; fileRef = CE8A80DB1EA3A8190021C69B /* SettingsViewController.swift */; };
		CE8A80E01EA3AA150021C69B /* UIFont+PR.swift in Sources */ = {isa = PBXBuildFile; fileRef = CE8A80DF1EA3AA150021C69B /* UIFont+PR.swift */; };
		CE8A80E11EA3AA150021C69B /* UIFont+PR.swift in Sources */ = {isa = PBXBuildFile; fileRef = CE8A80DF1EA3AA150021C69B /* UIFont+PR.swift */; };
		CE8A80EA1EA7879F0021C69B /* ProductViewController.swift in Sources */ = {isa = PBXBuildFile; fileRef = CE8A80E91EA7879F0021C69B /* ProductViewController.swift */; };
		CE8A80EF1EA802D00021C69B /* Price.swift in Sources */ = {isa = PBXBuildFile; fileRef = CE8A80EE1EA802D00021C69B /* Price.swift */; };
		CE8A80F01EA802D00021C69B /* Price.swift in Sources */ = {isa = PBXBuildFile; fileRef = CE8A80EE1EA802D00021C69B /* Price.swift */; };
		CEA50FF11EA137480060772D /* BaseNavigationController.swift in Sources */ = {isa = PBXBuildFile; fileRef = CEA50FF01EA137480060772D /* BaseNavigationController.swift */; };
		CEA50FF21EA137480060772D /* BaseNavigationController.swift in Sources */ = {isa = PBXBuildFile; fileRef = CEA50FF01EA137480060772D /* BaseNavigationController.swift */; };
		CEAEC3791EBCD49D006D3303 /* CRNotificationsMedia.xcassets in Resources */ = {isa = PBXBuildFile; fileRef = CEAEC3741EBCD49D006D3303 /* CRNotificationsMedia.xcassets */; };
		CEAEC37A1EBCD49D006D3303 /* Colors.swift in Sources */ = {isa = PBXBuildFile; fileRef = CEAEC3761EBCD49D006D3303 /* Colors.swift */; };
		CEAEC37B1EBCD49D006D3303 /* CRNotification.swift in Sources */ = {isa = PBXBuildFile; fileRef = CEAEC3771EBCD49D006D3303 /* CRNotification.swift */; };
		CEAEC37C1EBCD49D006D3303 /* CRNotifications.swift in Sources */ = {isa = PBXBuildFile; fileRef = CEAEC3781EBCD49D006D3303 /* CRNotifications.swift */; };
		CEAEC37E1EBCDC47006D3303 /* NavigationMap.swift in Sources */ = {isa = PBXBuildFile; fileRef = CEAEC37D1EBCDC47006D3303 /* NavigationMap.swift */; };
		CEB0E4291E92761100A7B782 /* Assets.xcassets in Resources */ = {isa = PBXBuildFile; fileRef = CE54CAF11E925762000CC3E8 /* Assets.xcassets */; };
		CECDFFAA1EC9D247006AB10D /* EmptyNode.swift in Sources */ = {isa = PBXBuildFile; fileRef = CECDFFA91EC9D247006AB10D /* EmptyNode.swift */; };
		CED6C5251E93E8A4009589FA /* ProductNode.swift in Sources */ = {isa = PBXBuildFile; fileRef = CED6C5241E93E8A4009589FA /* ProductNode.swift */; };
		CED6C5261E93E8A4009589FA /* ProductNode.swift in Sources */ = {isa = PBXBuildFile; fileRef = CED6C5241E93E8A4009589FA /* ProductNode.swift */; };
		CEF248F21EAB8E4900989417 /* ItemCellNode.swift in Sources */ = {isa = PBXBuildFile; fileRef = CEF248F11EAB8E4900989417 /* ItemCellNode.swift */; };
		CEF25DDF1EC8AB8C0090D486 /* Usage2ViewController.swift in Sources */ = {isa = PBXBuildFile; fileRef = CEF25DDE1EC8AB8C0090D486 /* Usage2ViewController.swift */; };
/* End PBXBuildFile section */

/* Begin PBXContainerItemProxy section */
		CE54CB081E9257AF000CC3E8 /* PBXContainerItemProxy */ = {
			isa = PBXContainerItemProxy;
			containerPortal = CE54CADF1E925762000CC3E8 /* Project object */;
			proxyType = 1;
			remoteGlobalIDString = CE54CAFF1E9257AF000CC3E8;
			remoteInfo = urlaction;
		};
/* End PBXContainerItemProxy section */

/* Begin PBXCopyFilesBuildPhase section */
		CE54CB0E1E9257AF000CC3E8 /* Embed App Extensions */ = {
			isa = PBXCopyFilesBuildPhase;
			buildActionMask = 2147483647;
			dstPath = "";
			dstSubfolderSpec = 13;
			files = (
				CE54CB0A1E9257AF000CC3E8 /* urlaction.appex in Embed App Extensions */,
			);
			name = "Embed App Extensions";
			runOnlyForDeploymentPostprocessing = 0;
		};
/* End PBXCopyFilesBuildPhase section */

/* Begin PBXFileReference section */
		0DA7C24A129EF0B95B1EDFD0 /* Pods-urlaction.debug.xcconfig */ = {isa = PBXFileReference; includeInIndex = 1; lastKnownFileType = text.xcconfig; name = "Pods-urlaction.debug.xcconfig"; path = "Pods/Target Support Files/Pods-urlaction/Pods-urlaction.debug.xcconfig"; sourceTree = "<group>"; };
		4D44BDD54356B7571AC3AAE0 /* Pods_pr.framework */ = {isa = PBXFileReference; explicitFileType = wrapper.framework; includeInIndex = 0; path = Pods_pr.framework; sourceTree = BUILT_PRODUCTS_DIR; };
		5C4AD3646A97A695472901A6 /* Pods_urlaction.framework */ = {isa = PBXFileReference; explicitFileType = wrapper.framework; includeInIndex = 0; path = Pods_urlaction.framework; sourceTree = BUILT_PRODUCTS_DIR; };
		653E2BECC9BA4A7A364E5BB3 /* Pods-pr.release.xcconfig */ = {isa = PBXFileReference; includeInIndex = 1; lastKnownFileType = text.xcconfig; name = "Pods-pr.release.xcconfig"; path = "Pods/Target Support Files/Pods-pr/Pods-pr.release.xcconfig"; sourceTree = "<group>"; };
		B989921DDAAFCF2BD6AF577C /* Pods-urlaction.release.xcconfig */ = {isa = PBXFileReference; includeInIndex = 1; lastKnownFileType = text.xcconfig; name = "Pods-urlaction.release.xcconfig"; path = "Pods/Target Support Files/Pods-urlaction/Pods-urlaction.release.xcconfig"; sourceTree = "<group>"; };
		CE007C7CAF8013B388D2E85C /* Pods-pr.debug.xcconfig */ = {isa = PBXFileReference; includeInIndex = 1; lastKnownFileType = text.xcconfig; name = "Pods-pr.debug.xcconfig"; path = "Pods/Target Support Files/Pods-pr/Pods-pr.debug.xcconfig"; sourceTree = "<group>"; };
		CE3259351E9F99F6005E5768 /* Item.swift */ = {isa = PBXFileReference; fileEncoding = 4; lastKnownFileType = sourcecode.swift; path = Item.swift; sourceTree = "<group>"; };
		CE3259381EA0BE4C005E5768 /* PriceNode.swift */ = {isa = PBXFileReference; fileEncoding = 4; lastKnownFileType = sourcecode.swift; path = PriceNode.swift; sourceTree = "<group>"; };
		CE32593B1EA0BE81005E5768 /* TrendingNode.swift */ = {isa = PBXFileReference; fileEncoding = 4; lastKnownFileType = sourcecode.swift; path = TrendingNode.swift; sourceTree = "<group>"; };
		CE32593E1EA0C079005E5768 /* InformationNode.swift */ = {isa = PBXFileReference; fileEncoding = 4; lastKnownFileType = sourcecode.swift; path = InformationNode.swift; sourceTree = "<group>"; };
		CE54CAE71E925762000CC3E8 /* pr.app */ = {isa = PBXFileReference; explicitFileType = wrapper.application; includeInIndex = 0; path = pr.app; sourceTree = BUILT_PRODUCTS_DIR; };
		CE54CAEA1E925762000CC3E8 /* AppDelegate.swift */ = {isa = PBXFileReference; lastKnownFileType = sourcecode.swift; path = AppDelegate.swift; sourceTree = "<group>"; };
		CE54CAF11E925762000CC3E8 /* Assets.xcassets */ = {isa = PBXFileReference; lastKnownFileType = folder.assetcatalog; path = Assets.xcassets; sourceTree = "<group>"; };
		CE54CAF41E925762000CC3E8 /* Base */ = {isa = PBXFileReference; lastKnownFileType = file.storyboard; name = Base; path = Base.lproj/LaunchScreen.storyboard; sourceTree = "<group>"; };
		CE54CAF61E925762000CC3E8 /* Info.plist */ = {isa = PBXFileReference; lastKnownFileType = text.plist.xml; path = Info.plist; sourceTree = "<group>"; };
		CE54CB001E9257AF000CC3E8 /* urlaction.appex */ = {isa = PBXFileReference; explicitFileType = "wrapper.app-extension"; includeInIndex = 0; path = urlaction.appex; sourceTree = BUILT_PRODUCTS_DIR; };
		CE54CB021E9257AF000CC3E8 /* ActionViewController.swift */ = {isa = PBXFileReference; lastKnownFileType = sourcecode.swift; path = ActionViewController.swift; sourceTree = "<group>"; };
		CE54CB051E9257AF000CC3E8 /* Base */ = {isa = PBXFileReference; lastKnownFileType = file.storyboard; name = Base; path = Base.lproj/MainInterface.storyboard; sourceTree = "<group>"; };
		CE54CB071E9257AF000CC3E8 /* Info.plist */ = {isa = PBXFileReference; lastKnownFileType = text.plist.xml; path = Info.plist; sourceTree = "<group>"; };
		CE54CB0F1E925C8E000CC3E8 /* urlaction.entitlements */ = {isa = PBXFileReference; lastKnownFileType = text.plist.entitlements; path = urlaction.entitlements; sourceTree = "<group>"; };
		CE54CB101E925E44000CC3E8 /* pr.entitlements */ = {isa = PBXFileReference; lastKnownFileType = text.plist.entitlements; path = pr.entitlements; sourceTree = "<group>"; };
		CE654A2D1EC0C8B10043C443 /* UsagePages.storyboard */ = {isa = PBXFileReference; fileEncoding = 4; lastKnownFileType = file.storyboard; path = UsagePages.storyboard; sourceTree = "<group>"; };
		CE65C8511EB5BDED00B39752 /* Me.swift */ = {isa = PBXFileReference; fileEncoding = 4; lastKnownFileType = sourcecode.swift; path = Me.swift; sourceTree = "<group>"; };
		CE65C8581EB60CF900B39752 /* URLSchemesViewController.swift */ = {isa = PBXFileReference; fileEncoding = 4; lastKnownFileType = sourcecode.swift; path = URLSchemesViewController.swift; sourceTree = "<group>"; };
		CE8A80CF1EA352610021C69B /* PRConfig.swift */ = {isa = PBXFileReference; fileEncoding = 4; lastKnownFileType = sourcecode.swift; path = PRConfig.swift; sourceTree = "<group>"; };
		CE8A80D31EA381A80021C69B /* MineViewController.swift */ = {isa = PBXFileReference; fileEncoding = 4; lastKnownFileType = sourcecode.swift; path = MineViewController.swift; sourceTree = "<group>"; };
		CE8A80D51EA39CC70021C69B /* PRTabbarItemView.swift */ = {isa = PBXFileReference; fileEncoding = 4; lastKnownFileType = sourcecode.swift; path = PRTabbarItemView.swift; sourceTree = "<group>"; };
		CE8A80D81EA3A16F0021C69B /* UIColor+PR.swift */ = {isa = PBXFileReference; fileEncoding = 4; lastKnownFileType = sourcecode.swift; path = "UIColor+PR.swift"; sourceTree = "<group>"; };
		CE8A80DB1EA3A8190021C69B /* SettingsViewController.swift */ = {isa = PBXFileReference; fileEncoding = 4; lastKnownFileType = sourcecode.swift; path = SettingsViewController.swift; sourceTree = "<group>"; };
		CE8A80DF1EA3AA150021C69B /* UIFont+PR.swift */ = {isa = PBXFileReference; fileEncoding = 4; lastKnownFileType = sourcecode.swift; path = "UIFont+PR.swift"; sourceTree = "<group>"; };
		CE8A80E91EA7879F0021C69B /* ProductViewController.swift */ = {isa = PBXFileReference; fileEncoding = 4; lastKnownFileType = sourcecode.swift; path = ProductViewController.swift; sourceTree = "<group>"; };
		CE8A80EE1EA802D00021C69B /* Price.swift */ = {isa = PBXFileReference; fileEncoding = 4; lastKnownFileType = sourcecode.swift; path = Price.swift; sourceTree = "<group>"; };
		CEA50FF01EA137480060772D /* BaseNavigationController.swift */ = {isa = PBXFileReference; fileEncoding = 4; lastKnownFileType = sourcecode.swift; path = BaseNavigationController.swift; sourceTree = "<group>"; };
		CEAEC3741EBCD49D006D3303 /* CRNotificationsMedia.xcassets */ = {isa = PBXFileReference; lastKnownFileType = folder.assetcatalog; path = CRNotificationsMedia.xcassets; sourceTree = "<group>"; };
		CEAEC3761EBCD49D006D3303 /* Colors.swift */ = {isa = PBXFileReference; fileEncoding = 4; lastKnownFileType = sourcecode.swift; path = Colors.swift; sourceTree = "<group>"; };
		CEAEC3771EBCD49D006D3303 /* CRNotification.swift */ = {isa = PBXFileReference; fileEncoding = 4; lastKnownFileType = sourcecode.swift; path = CRNotification.swift; sourceTree = "<group>"; };
		CEAEC3781EBCD49D006D3303 /* CRNotifications.swift */ = {isa = PBXFileReference; fileEncoding = 4; lastKnownFileType = sourcecode.swift; path = CRNotifications.swift; sourceTree = "<group>"; };
		CEAEC37D1EBCDC47006D3303 /* NavigationMap.swift */ = {isa = PBXFileReference; fileEncoding = 4; lastKnownFileType = sourcecode.swift; path = NavigationMap.swift; sourceTree = "<group>"; };
		CECDFFA91EC9D247006AB10D /* EmptyNode.swift */ = {isa = PBXFileReference; fileEncoding = 4; lastKnownFileType = sourcecode.swift; path = EmptyNode.swift; sourceTree = "<group>"; };
		CED6C5241E93E8A4009589FA /* ProductNode.swift */ = {isa = PBXFileReference; fileEncoding = 4; lastKnownFileType = sourcecode.swift; path = ProductNode.swift; sourceTree = "<group>"; };
		CEF248F11EAB8E4900989417 /* ItemCellNode.swift */ = {isa = PBXFileReference; fileEncoding = 4; lastKnownFileType = sourcecode.swift; path = ItemCellNode.swift; sourceTree = "<group>"; };
		CEF25DDE1EC8AB8C0090D486 /* Usage2ViewController.swift */ = {isa = PBXFileReference; fileEncoding = 4; lastKnownFileType = sourcecode.swift; path = Usage2ViewController.swift; sourceTree = "<group>"; };
/* End PBXFileReference section */

/* Begin PBXFrameworksBuildPhase section */
		CE54CAE41E925762000CC3E8 /* Frameworks */ = {
			isa = PBXFrameworksBuildPhase;
			buildActionMask = 2147483647;
			files = (
				B9A42FD75254EE4314509A2B /* Pods_pr.framework in Frameworks */,
			);
			runOnlyForDeploymentPostprocessing = 0;
		};
		CE54CAFD1E9257AF000CC3E8 /* Frameworks */ = {
			isa = PBXFrameworksBuildPhase;
			buildActionMask = 2147483647;
			files = (
				0A1947A068C7B98101000FD9 /* Pods_urlaction.framework in Frameworks */,
			);
			runOnlyForDeploymentPostprocessing = 0;
		};
/* End PBXFrameworksBuildPhase section */

/* Begin PBXGroup section */
		18A7DF2451A703B21AF112C7 /* Frameworks */ = {
			isa = PBXGroup;
			children = (
				4D44BDD54356B7571AC3AAE0 /* Pods_pr.framework */,
				5C4AD3646A97A695472901A6 /* Pods_urlaction.framework */,
			);
			name = Frameworks;
			sourceTree = "<group>";
		};
		19A438FC2C8C2DB6E16FD478 /* Pods */ = {
			isa = PBXGroup;
			children = (
				CE007C7CAF8013B388D2E85C /* Pods-pr.debug.xcconfig */,
				653E2BECC9BA4A7A364E5BB3 /* Pods-pr.release.xcconfig */,
				0DA7C24A129EF0B95B1EDFD0 /* Pods-urlaction.debug.xcconfig */,
				B989921DDAAFCF2BD6AF577C /* Pods-urlaction.release.xcconfig */,
			);
			name = Pods;
			sourceTree = "<group>";
		};
		CE3259341E9F99CF005E5768 /* model */ = {
			isa = PBXGroup;
			children = (
				CE3259351E9F99F6005E5768 /* Item.swift */,
				CE8A80EE1EA802D00021C69B /* Price.swift */,
				CE65C8511EB5BDED00B39752 /* Me.swift */,
				CEAEC37D1EBCDC47006D3303 /* NavigationMap.swift */,
			);
			path = model;
			sourceTree = "<group>";
		};
		CE54CADE1E925762000CC3E8 = {
			isa = PBXGroup;
			children = (
				CE54CAE91E925762000CC3E8 /* pr */,
				CE54CB011E9257AF000CC3E8 /* urlaction */,
				CE54CAE81E925762000CC3E8 /* Products */,
				19A438FC2C8C2DB6E16FD478 /* Pods */,
				18A7DF2451A703B21AF112C7 /* Frameworks */,
			);
			sourceTree = "<group>";
		};
		CE54CAE81E925762000CC3E8 /* Products */ = {
			isa = PBXGroup;
			children = (
				CE54CAE71E925762000CC3E8 /* pr.app */,
				CE54CB001E9257AF000CC3E8 /* urlaction.appex */,
			);
			name = Products;
			sourceTree = "<group>";
		};
		CE54CAE91E925762000CC3E8 /* pr */ = {
			isa = PBXGroup;
			children = (
				CEAEC3711EBCD49D006D3303 /* vender */,
				CE8A80D71EA3A12D0021C69B /* extension */,
				CE8A80D21EA381780021C69B /* controller */,
				CEA50FEF1EA137340060772D /* base */,
				CE3259341E9F99CF005E5768 /* model */,
				CED6C5231E93E4F9009589FA /* view */,
				CE54CB101E925E44000CC3E8 /* pr.entitlements */,
				CE8A80CF1EA352610021C69B /* PRConfig.swift */,
				CE54CAEA1E925762000CC3E8 /* AppDelegate.swift */,
				CE54CAF11E925762000CC3E8 /* Assets.xcassets */,
				CE54CAF31E925762000CC3E8 /* LaunchScreen.storyboard */,
				CE54CAF61E925762000CC3E8 /* Info.plist */,
			);
			path = pr;
			sourceTree = "<group>";
		};
		CE54CB011E9257AF000CC3E8 /* urlaction */ = {
			isa = PBXGroup;
			children = (
				CE54CB0F1E925C8E000CC3E8 /* urlaction.entitlements */,
				CE54CB021E9257AF000CC3E8 /* ActionViewController.swift */,
				CE54CB041E9257AF000CC3E8 /* MainInterface.storyboard */,
				CE54CB071E9257AF000CC3E8 /* Info.plist */,
			);
			path = urlaction;
			sourceTree = "<group>";
		};
		CE654A2C1EC0C8980043C443 /* UsagePages */ = {
			isa = PBXGroup;
			children = (
				CE654A2D1EC0C8B10043C443 /* UsagePages.storyboard */,
				CEF25DDE1EC8AB8C0090D486 /* Usage2ViewController.swift */,
			);
			path = UsagePages;
			sourceTree = "<group>";
		};
		CE8A80D21EA381780021C69B /* controller */ = {
			isa = PBXGroup;
			children = (
				CE654A2C1EC0C8980043C443 /* UsagePages */,
				CE8A80D31EA381A80021C69B /* MineViewController.swift */,
				CE8A80DB1EA3A8190021C69B /* SettingsViewController.swift */,
				CE8A80E91EA7879F0021C69B /* ProductViewController.swift */,
				CE65C8581EB60CF900B39752 /* URLSchemesViewController.swift */,
			);
			path = controller;
			sourceTree = "<group>";
		};
		CE8A80D71EA3A12D0021C69B /* extension */ = {
			isa = PBXGroup;
			children = (
				CE8A80D81EA3A16F0021C69B /* UIColor+PR.swift */,
				CE8A80DF1EA3AA150021C69B /* UIFont+PR.swift */,
			);
			path = extension;
			sourceTree = "<group>";
		};
		CEA50FEF1EA137340060772D /* base */ = {
			isa = PBXGroup;
			children = (
				CEA50FF01EA137480060772D /* BaseNavigationController.swift */,
			);
			path = base;
			sourceTree = "<group>";
		};
		CEAEC3711EBCD49D006D3303 /* vender */ = {
			isa = PBXGroup;
			children = (
				CEAEC3721EBCD49D006D3303 /* CRNotifications */,
			);
			path = vender;
			sourceTree = "<group>";
		};
		CEAEC3721EBCD49D006D3303 /* CRNotifications */ = {
			isa = PBXGroup;
			children = (
				CEAEC3731EBCD49D006D3303 /* Assets */,
				CEAEC3751EBCD49D006D3303 /* Classes */,
			);
			path = CRNotifications;
			sourceTree = "<group>";
		};
		CEAEC3731EBCD49D006D3303 /* Assets */ = {
			isa = PBXGroup;
			children = (
				CEAEC3741EBCD49D006D3303 /* CRNotificationsMedia.xcassets */,
			);
			path = Assets;
			sourceTree = "<group>";
		};
		CEAEC3751EBCD49D006D3303 /* Classes */ = {
			isa = PBXGroup;
			children = (
				CEAEC3761EBCD49D006D3303 /* Colors.swift */,
				CEAEC3771EBCD49D006D3303 /* CRNotification.swift */,
				CEAEC3781EBCD49D006D3303 /* CRNotifications.swift */,
			);
			path = Classes;
			sourceTree = "<group>";
		};
		CED6C5231E93E4F9009589FA /* view */ = {
			isa = PBXGroup;
			children = (
				CED6C5241E93E8A4009589FA /* ProductNode.swift */,
				CE3259381EA0BE4C005E5768 /* PriceNode.swift */,
				CE32593B1EA0BE81005E5768 /* TrendingNode.swift */,
				CE32593E1EA0C079005E5768 /* InformationNode.swift */,
				CE8A80D51EA39CC70021C69B /* PRTabbarItemView.swift */,
				CEF248F11EAB8E4900989417 /* ItemCellNode.swift */,
				CECDFFA91EC9D247006AB10D /* EmptyNode.swift */,
			);
			path = view;
			sourceTree = "<group>";
		};
/* End PBXGroup section */

/* Begin PBXNativeTarget section */
		CE54CAE61E925762000CC3E8 /* pr */ = {
			isa = PBXNativeTarget;
			buildConfigurationList = CE54CAF91E925762000CC3E8 /* Build configuration list for PBXNativeTarget "pr" */;
			buildPhases = (
				93CF34DAF6DA26CED7DAA53A /* [CP] Check Pods Manifest.lock */,
				CE54CAE31E925762000CC3E8 /* Sources */,
				CE54CAE41E925762000CC3E8 /* Frameworks */,
				CE54CAE51E925762000CC3E8 /* Resources */,
				CE54CB0E1E9257AF000CC3E8 /* Embed App Extensions */,
				E90A2BDE1D0BEF079C1506CC /* [CP] Embed Pods Frameworks */,
				60ADAE59AF589BE680E5AF91 /* [CP] Copy Pods Resources */,
				CE2617B21EC5E61500135840 /* Fabric */,
			);
			buildRules = (
			);
			dependencies = (
				CE54CB091E9257AF000CC3E8 /* PBXTargetDependency */,
			);
			name = pr;
			productName = pr;
			productReference = CE54CAE71E925762000CC3E8 /* pr.app */;
			productType = "com.apple.product-type.application";
		};
		CE54CAFF1E9257AF000CC3E8 /* urlaction */ = {
			isa = PBXNativeTarget;
			buildConfigurationList = CE54CB0B1E9257AF000CC3E8 /* Build configuration list for PBXNativeTarget "urlaction" */;
			buildPhases = (
				1FE4E4A64AD7E7247B310CC4 /* [CP] Check Pods Manifest.lock */,
				CE54CAFC1E9257AF000CC3E8 /* Sources */,
				CE54CAFD1E9257AF000CC3E8 /* Frameworks */,
				CE54CAFE1E9257AF000CC3E8 /* Resources */,
				A146E9495159B018FCB3647D /* [CP] Copy Pods Resources */,
			);
			buildRules = (
			);
			dependencies = (
			);
			name = urlaction;
			productName = urlaction;
			productReference = CE54CB001E9257AF000CC3E8 /* urlaction.appex */;
			productType = "com.apple.product-type.app-extension";
		};
/* End PBXNativeTarget section */

/* Begin PBXProject section */
		CE54CADF1E925762000CC3E8 /* Project object */ = {
			isa = PBXProject;
			attributes = {
				LastSwiftUpdateCheck = 0830;
				LastUpgradeCheck = 0830;
				ORGANIZATIONNAME = Salmonapps;
				TargetAttributes = {
					CE54CAE61E925762000CC3E8 = {
						CreatedOnToolsVersion = 8.3;
						DevelopmentTeam = 72T2SXUWHC;
						ProvisioningStyle = Manual;
						SystemCapabilities = {
							com.apple.ApplicationGroups.iOS = {
								enabled = 1;
							};
							com.apple.BackgroundModes = {
								enabled = 1;
							};
							com.apple.Push = {
								enabled = 1;
							};
							com.apple.iCloud = {
								enabled = 1;
							};
						};
					};
					CE54CAFF1E9257AF000CC3E8 = {
						CreatedOnToolsVersion = 8.3;
						DevelopmentTeam = 72T2SXUWHC;
						ProvisioningStyle = Manual;
						SystemCapabilities = {
							com.apple.ApplicationGroups.iOS = {
								enabled = 1;
							};
						};
					};
				};
			};
			buildConfigurationList = CE54CAE21E925762000CC3E8 /* Build configuration list for PBXProject "pr" */;
			compatibilityVersion = "Xcode 3.2";
			developmentRegion = English;
			hasScannedForEncodings = 0;
			knownRegions = (
				en,
				Base,
			);
			mainGroup = CE54CADE1E925762000CC3E8;
			productRefGroup = CE54CAE81E925762000CC3E8 /* Products */;
			projectDirPath = "";
			projectRoot = "";
			targets = (
				CE54CAE61E925762000CC3E8 /* pr */,
				CE54CAFF1E9257AF000CC3E8 /* urlaction */,
			);
		};
/* End PBXProject section */

/* Begin PBXResourcesBuildPhase section */
		CE54CAE51E925762000CC3E8 /* Resources */ = {
			isa = PBXResourcesBuildPhase;
			buildActionMask = 2147483647;
			files = (
				CE54CAF51E925762000CC3E8 /* LaunchScreen.storyboard in Resources */,
				CE654A2E1EC0C8B10043C443 /* UsagePages.storyboard in Resources */,
				CE54CAF21E925762000CC3E8 /* Assets.xcassets in Resources */,
				CEAEC3791EBCD49D006D3303 /* CRNotificationsMedia.xcassets in Resources */,
			);
			runOnlyForDeploymentPostprocessing = 0;
		};
		CE54CAFE1E9257AF000CC3E8 /* Resources */ = {
			isa = PBXResourcesBuildPhase;
			buildActionMask = 2147483647;
			files = (
				CEB0E4291E92761100A7B782 /* Assets.xcassets in Resources */,
				CE54CB061E9257AF000CC3E8 /* MainInterface.storyboard in Resources */,
			);
			runOnlyForDeploymentPostprocessing = 0;
		};
/* End PBXResourcesBuildPhase section */

/* Begin PBXShellScriptBuildPhase section */
		1FE4E4A64AD7E7247B310CC4 /* [CP] Check Pods Manifest.lock */ = {
			isa = PBXShellScriptBuildPhase;
			buildActionMask = 2147483647;
			files = (
			);
			inputPaths = (
			);
			name = "[CP] Check Pods Manifest.lock";
			outputPaths = (
			);
			runOnlyForDeploymentPostprocessing = 0;
			shellPath = /bin/sh;
			shellScript = "diff \"${PODS_PODFILE_DIR_PATH}/Podfile.lock\" \"${PODS_ROOT}/Manifest.lock\" > /dev/null\nif [ $? != 0 ] ; then\n    # print error to STDERR\n    echo \"error: The sandbox is not in sync with the Podfile.lock. Run 'pod install' or update your CocoaPods installation.\" >&2\n    exit 1\nfi\n";
			showEnvVarsInLog = 0;
		};
		60ADAE59AF589BE680E5AF91 /* [CP] Copy Pods Resources */ = {
			isa = PBXShellScriptBuildPhase;
			buildActionMask = 2147483647;
			files = (
			);
			inputPaths = (
			);
			name = "[CP] Copy Pods Resources";
			outputPaths = (
			);
			runOnlyForDeploymentPostprocessing = 0;
			shellPath = /bin/sh;
			shellScript = "\"${SRCROOT}/Pods/Target Support Files/Pods-pr/Pods-pr-resources.sh\"\n";
			showEnvVarsInLog = 0;
		};
		93CF34DAF6DA26CED7DAA53A /* [CP] Check Pods Manifest.lock */ = {
			isa = PBXShellScriptBuildPhase;
			buildActionMask = 2147483647;
			files = (
			);
			inputPaths = (
			);
			name = "[CP] Check Pods Manifest.lock";
			outputPaths = (
			);
			runOnlyForDeploymentPostprocessing = 0;
			shellPath = /bin/sh;
			shellScript = "diff \"${PODS_PODFILE_DIR_PATH}/Podfile.lock\" \"${PODS_ROOT}/Manifest.lock\" > /dev/null\nif [ $? != 0 ] ; then\n    # print error to STDERR\n    echo \"error: The sandbox is not in sync with the Podfile.lock. Run 'pod install' or update your CocoaPods installation.\" >&2\n    exit 1\nfi\n";
			showEnvVarsInLog = 0;
		};
		A146E9495159B018FCB3647D /* [CP] Copy Pods Resources */ = {
			isa = PBXShellScriptBuildPhase;
			buildActionMask = 2147483647;
			files = (
			);
			inputPaths = (
			);
			name = "[CP] Copy Pods Resources";
			outputPaths = (
			);
			runOnlyForDeploymentPostprocessing = 0;
			shellPath = /bin/sh;
			shellScript = "\"${SRCROOT}/Pods/Target Support Files/Pods-urlaction/Pods-urlaction-resources.sh\"\n";
			showEnvVarsInLog = 0;
		};
		CE2617B21EC5E61500135840 /* Fabric */ = {
			isa = PBXShellScriptBuildPhase;
			buildActionMask = 2147483647;
			files = (
			);
			inputPaths = (
			);
			name = Fabric;
			outputPaths = (
			);
			runOnlyForDeploymentPostprocessing = 0;
			shellPath = /bin/sh;
			shellScript = "\"${PODS_ROOT}/Fabric/run\" be267c870371d122cf90b237a5fa052164a4a9d5 f11e768ac853513e35a91d70c36af3829b3f3206538601b18fbafa670a9f8ebd";
		};
		E90A2BDE1D0BEF079C1506CC /* [CP] Embed Pods Frameworks */ = {
			isa = PBXShellScriptBuildPhase;
			buildActionMask = 2147483647;
			files = (
			);
			inputPaths = (
			);
			name = "[CP] Embed Pods Frameworks";
			outputPaths = (
			);
			runOnlyForDeploymentPostprocessing = 0;
			shellPath = /bin/sh;
			shellScript = "\"${SRCROOT}/Pods/Target Support Files/Pods-pr/Pods-pr-frameworks.sh\"\n";
			showEnvVarsInLog = 0;
		};
/* End PBXShellScriptBuildPhase section */

/* Begin PBXSourcesBuildPhase section */
		CE54CAE31E925762000CC3E8 /* Sources */ = {
			isa = PBXSourcesBuildPhase;
			buildActionMask = 2147483647;
			files = (
				CE8A80E01EA3AA150021C69B /* UIFont+PR.swift in Sources */,
				CEF25DDF1EC8AB8C0090D486 /* Usage2ViewController.swift in Sources */,
				CEAEC37C1EBCD49D006D3303 /* CRNotifications.swift in Sources */,
				CEAEC37A1EBCD49D006D3303 /* Colors.swift in Sources */,
				CEAEC37E1EBCDC47006D3303 /* NavigationMap.swift in Sources */,
				CE65C8521EB5BDED00B39752 /* Me.swift in Sources */,
				CEA50FF11EA137480060772D /* BaseNavigationController.swift in Sources */,
				CE3259391EA0BE4C005E5768 /* PriceNode.swift in Sources */,
				CE8A80EA1EA7879F0021C69B /* ProductViewController.swift in Sources */,
				CE3259361E9F99F6005E5768 /* Item.swift in Sources */,
				CEAEC37B1EBCD49D006D3303 /* CRNotification.swift in Sources */,
				CE8A80D61EA39CC70021C69B /* PRTabbarItemView.swift in Sources */,
				CE32593C1EA0BE81005E5768 /* TrendingNode.swift in Sources */,
				CE65C8591EB60CF900B39752 /* URLSchemesViewController.swift in Sources */,
				CE8A80D01EA352610021C69B /* PRConfig.swift in Sources */,
				CECDFFAA1EC9D247006AB10D /* EmptyNode.swift in Sources */,
				CE8A80EF1EA802D00021C69B /* Price.swift in Sources */,
				CE8A80D41EA381A80021C69B /* MineViewController.swift in Sources */,
				CEF248F21EAB8E4900989417 /* ItemCellNode.swift in Sources */,
				CE54CAEB1E925762000CC3E8 /* AppDelegate.swift in Sources */,
				CE8A80D91EA3A16F0021C69B /* UIColor+PR.swift in Sources */,
				CE8A80DC1EA3A8190021C69B /* SettingsViewController.swift in Sources */,
				CE32593F1EA0C079005E5768 /* InformationNode.swift in Sources */,
				CED6C5251E93E8A4009589FA /* ProductNode.swift in Sources */,
			);
			runOnlyForDeploymentPostprocessing = 0;
		};
		CE54CAFC1E9257AF000CC3E8 /* Sources */ = {
			isa = PBXSourcesBuildPhase;
			buildActionMask = 2147483647;
			files = (
				CE8A80E11EA3AA150021C69B /* UIFont+PR.swift in Sources */,
				CE3259401EA0C079005E5768 /* InformationNode.swift in Sources */,
				CE8A80D11EA352610021C69B /* PRConfig.swift in Sources */,
				CEA50FF21EA137480060772D /* BaseNavigationController.swift in Sources */,
				CE54CB031E9257AF000CC3E8 /* ActionViewController.swift in Sources */,
				CE3259371E9F99F6005E5768 /* Item.swift in Sources */,
				CED6C5261E93E8A4009589FA /* ProductNode.swift in Sources */,
				CE8A80DA1EA3A16F0021C69B /* UIColor+PR.swift in Sources */,
				CE8A80F01EA802D00021C69B /* Price.swift in Sources */,
				CE32593D1EA0BE81005E5768 /* TrendingNode.swift in Sources */,
				CE32593A1EA0BE4C005E5768 /* PriceNode.swift in Sources */,
			);
			runOnlyForDeploymentPostprocessing = 0;
		};
/* End PBXSourcesBuildPhase section */

/* Begin PBXTargetDependency section */
		CE54CB091E9257AF000CC3E8 /* PBXTargetDependency */ = {
			isa = PBXTargetDependency;
			target = CE54CAFF1E9257AF000CC3E8 /* urlaction */;
			targetProxy = CE54CB081E9257AF000CC3E8 /* PBXContainerItemProxy */;
		};
/* End PBXTargetDependency section */

/* Begin PBXVariantGroup section */
		CE54CAF31E925762000CC3E8 /* LaunchScreen.storyboard */ = {
			isa = PBXVariantGroup;
			children = (
				CE54CAF41E925762000CC3E8 /* Base */,
			);
			name = LaunchScreen.storyboard;
			sourceTree = "<group>";
		};
		CE54CB041E9257AF000CC3E8 /* MainInterface.storyboard */ = {
			isa = PBXVariantGroup;
			children = (
				CE54CB051E9257AF000CC3E8 /* Base */,
			);
			name = MainInterface.storyboard;
			sourceTree = "<group>";
		};
/* End PBXVariantGroup section */

/* Begin XCBuildConfiguration section */
		CE54CAF71E925762000CC3E8 /* Debug */ = {
			isa = XCBuildConfiguration;
			buildSettings = {
				ALWAYS_SEARCH_USER_PATHS = NO;
				CLANG_ANALYZER_NONNULL = YES;
				CLANG_ANALYZER_NUMBER_OBJECT_CONVERSION = YES_AGGRESSIVE;
				CLANG_CXX_LANGUAGE_STANDARD = "gnu++0x";
				CLANG_CXX_LIBRARY = "libc++";
				CLANG_ENABLE_MODULES = YES;
				CLANG_ENABLE_OBJC_ARC = YES;
				CLANG_WARN_BOOL_CONVERSION = YES;
				CLANG_WARN_CONSTANT_CONVERSION = YES;
				CLANG_WARN_DIRECT_OBJC_ISA_USAGE = YES_ERROR;
				CLANG_WARN_DOCUMENTATION_COMMENTS = YES;
				CLANG_WARN_EMPTY_BODY = YES;
				CLANG_WARN_ENUM_CONVERSION = YES;
				CLANG_WARN_INFINITE_RECURSION = YES;
				CLANG_WARN_INT_CONVERSION = YES;
				CLANG_WARN_OBJC_ROOT_CLASS = YES_ERROR;
				CLANG_WARN_SUSPICIOUS_MOVE = YES;
				CLANG_WARN_UNREACHABLE_CODE = YES;
				CLANG_WARN__DUPLICATE_METHOD_MATCH = YES;
				"CODE_SIGN_IDENTITY[sdk=iphoneos*]" = "iPhone Developer";
				COPY_PHASE_STRIP = NO;
				DEBUG_INFORMATION_FORMAT = dwarf;
				ENABLE_STRICT_OBJC_MSGSEND = YES;
				ENABLE_TESTABILITY = YES;
				GCC_C_LANGUAGE_STANDARD = gnu99;
				GCC_DYNAMIC_NO_PIC = NO;
				GCC_NO_COMMON_BLOCKS = YES;
				GCC_OPTIMIZATION_LEVEL = 0;
				GCC_PREPROCESSOR_DEFINITIONS = (
					"DEBUG=1",
					"$(inherited)",
				);
				GCC_WARN_64_TO_32_BIT_CONVERSION = YES;
				GCC_WARN_ABOUT_RETURN_TYPE = YES_ERROR;
				GCC_WARN_UNDECLARED_SELECTOR = YES;
				GCC_WARN_UNINITIALIZED_AUTOS = YES_AGGRESSIVE;
				GCC_WARN_UNUSED_FUNCTION = YES;
				GCC_WARN_UNUSED_VARIABLE = YES;
				IPHONEOS_DEPLOYMENT_TARGET = 10.0;
				MTL_ENABLE_DEBUG_INFO = YES;
				ONLY_ACTIVE_ARCH = YES;
				SDKROOT = iphoneos;
				SWIFT_ACTIVE_COMPILATION_CONDITIONS = DEBUG;
				SWIFT_OPTIMIZATION_LEVEL = "-Onone";
				SWIFT_VERSION = 3.0;
				TARGETED_DEVICE_FAMILY = "1,2";
			};
			name = Debug;
		};
		CE54CAF81E925762000CC3E8 /* Release */ = {
			isa = XCBuildConfiguration;
			buildSettings = {
				ALWAYS_SEARCH_USER_PATHS = NO;
				CLANG_ANALYZER_NONNULL = YES;
				CLANG_ANALYZER_NUMBER_OBJECT_CONVERSION = YES_AGGRESSIVE;
				CLANG_CXX_LANGUAGE_STANDARD = "gnu++0x";
				CLANG_CXX_LIBRARY = "libc++";
				CLANG_ENABLE_MODULES = YES;
				CLANG_ENABLE_OBJC_ARC = YES;
				CLANG_WARN_BOOL_CONVERSION = YES;
				CLANG_WARN_CONSTANT_CONVERSION = YES;
				CLANG_WARN_DIRECT_OBJC_ISA_USAGE = YES_ERROR;
				CLANG_WARN_DOCUMENTATION_COMMENTS = YES;
				CLANG_WARN_EMPTY_BODY = YES;
				CLANG_WARN_ENUM_CONVERSION = YES;
				CLANG_WARN_INFINITE_RECURSION = YES;
				CLANG_WARN_INT_CONVERSION = YES;
				CLANG_WARN_OBJC_ROOT_CLASS = YES_ERROR;
				CLANG_WARN_SUSPICIOUS_MOVE = YES;
				CLANG_WARN_UNREACHABLE_CODE = YES;
				CLANG_WARN__DUPLICATE_METHOD_MATCH = YES;
				"CODE_SIGN_IDENTITY[sdk=iphoneos*]" = "iPhone Developer";
				COPY_PHASE_STRIP = NO;
				DEBUG_INFORMATION_FORMAT = "dwarf-with-dsym";
				ENABLE_NS_ASSERTIONS = NO;
				ENABLE_STRICT_OBJC_MSGSEND = YES;
				GCC_C_LANGUAGE_STANDARD = gnu99;
				GCC_NO_COMMON_BLOCKS = YES;
				GCC_WARN_64_TO_32_BIT_CONVERSION = YES;
				GCC_WARN_ABOUT_RETURN_TYPE = YES_ERROR;
				GCC_WARN_UNDECLARED_SELECTOR = YES;
				GCC_WARN_UNINITIALIZED_AUTOS = YES_AGGRESSIVE;
				GCC_WARN_UNUSED_FUNCTION = YES;
				GCC_WARN_UNUSED_VARIABLE = YES;
				IPHONEOS_DEPLOYMENT_TARGET = 10.0;
				MTL_ENABLE_DEBUG_INFO = NO;
				SDKROOT = iphoneos;
				SWIFT_OPTIMIZATION_LEVEL = "-Owholemodule";
				SWIFT_VERSION = 3.0;
				TARGETED_DEVICE_FAMILY = "1,2";
				VALIDATE_PRODUCT = YES;
			};
			name = Release;
		};
		CE54CAFA1E925762000CC3E8 /* Debug */ = {
			isa = XCBuildConfiguration;
			baseConfigurationReference = CE007C7CAF8013B388D2E85C /* Pods-pr.debug.xcconfig */;
			buildSettings = {
				ALWAYS_EMBED_SWIFT_STANDARD_LIBRARIES = "$(inherited)";
				ASSETCATALOG_COMPILER_APPICON_NAME = AppIcon;
				ASSETCATALOG_COMPILER_LAUNCHIMAGE_NAME = "";
				CODE_SIGN_ENTITLEMENTS = pr/pr.entitlements;
				DEVELOPMENT_TEAM = 72T2SXUWHC;
				INFOPLIST_FILE = pr/Info.plist;
				LD_RUNPATH_SEARCH_PATHS = "$(inherited) @executable_path/Frameworks";
				PRODUCT_BUNDLE_IDENTIFIER = com.salmonapps.app.pr;
				PRODUCT_NAME = "$(TARGET_NAME)";
				PROVISIONING_PROFILE = "7140ecf6-cffb-43bc-968b-211297b5626b";
				PROVISIONING_PROFILE_SPECIFIER = "match Development com.salmonapps.app.pr";
				SWIFT_VERSION = 3.0;
			};
			name = Debug;
		};
		CE54CAFB1E925762000CC3E8 /* Release */ = {
			isa = XCBuildConfiguration;
			baseConfigurationReference = 653E2BECC9BA4A7A364E5BB3 /* Pods-pr.release.xcconfig */;
			buildSettings = {
				ALWAYS_EMBED_SWIFT_STANDARD_LIBRARIES = "$(inherited)";
				ASSETCATALOG_COMPILER_APPICON_NAME = AppIcon;
				ASSETCATALOG_COMPILER_LAUNCHIMAGE_NAME = "";
				CODE_SIGN_ENTITLEMENTS = pr/pr.entitlements;
				"CODE_SIGN_IDENTITY[sdk=iphoneos*]" = "iPhone Distribution";
				DEVELOPMENT_TEAM = 72T2SXUWHC;
				INFOPLIST_FILE = pr/Info.plist;
				LD_RUNPATH_SEARCH_PATHS = "$(inherited) @executable_path/Frameworks";
				PRODUCT_BUNDLE_IDENTIFIER = com.salmonapps.app.pr;
				PRODUCT_NAME = "$(TARGET_NAME)";
				PROVISIONING_PROFILE = "17e3721e-a9e6-48bc-9f34-a856cb40fab7";
				PROVISIONING_PROFILE_SPECIFIER = "match AdHoc com.salmonapps.app.pr";
				SWIFT_VERSION = 3.0;
			};
			name = Release;
		};
		CE54CB0C1E9257AF000CC3E8 /* Debug */ = {
			isa = XCBuildConfiguration;
			baseConfigurationReference = 0DA7C24A129EF0B95B1EDFD0 /* Pods-urlaction.debug.xcconfig */;
			buildSettings = {
				ALWAYS_EMBED_SWIFT_STANDARD_LIBRARIES = "$(inherited)";
				ASSETCATALOG_COMPILER_APPICON_NAME = AppIcon;
				CODE_SIGN_ENTITLEMENTS = urlaction/urlaction.entitlements;
				DEVELOPMENT_TEAM = 72T2SXUWHC;
				INFOPLIST_FILE = urlaction/Info.plist;
				LD_RUNPATH_SEARCH_PATHS = "$(inherited) @executable_path/Frameworks @executable_path/../../Frameworks";
				PRODUCT_BUNDLE_IDENTIFIER = com.salmonapps.app.pr.urlaction;
				PRODUCT_NAME = "$(TARGET_NAME)";
				PROVISIONING_PROFILE = "ba21cc26-3de9-47b4-86d5-c6d551e9cb67";
				PROVISIONING_PROFILE_SPECIFIER = "match Development com.salmonapps.app.pr.urlaction";
				SKIP_INSTALL = YES;
				SWIFT_VERSION = 3.0;
			};
			name = Debug;
		};
		CE54CB0D1E9257AF000CC3E8 /* Release */ = {
			isa = XCBuildConfiguration;
			baseConfigurationReference = B989921DDAAFCF2BD6AF577C /* Pods-urlaction.release.xcconfig */;
			buildSettings = {
				ALWAYS_EMBED_SWIFT_STANDARD_LIBRARIES = "$(inherited)";
				ASSETCATALOG_COMPILER_APPICON_NAME = AppIcon;
				CODE_SIGN_ENTITLEMENTS = urlaction/urlaction.entitlements;
				"CODE_SIGN_IDENTITY[sdk=iphoneos*]" = "iPhone Distribution";
				DEVELOPMENT_TEAM = 72T2SXUWHC;
				INFOPLIST_FILE = urlaction/Info.plist;
				LD_RUNPATH_SEARCH_PATHS = "$(inherited) @executable_path/Frameworks @executable_path/../../Frameworks";
				PRODUCT_BUNDLE_IDENTIFIER = com.salmonapps.app.pr.urlaction;
				PRODUCT_NAME = "$(TARGET_NAME)";
				PROVISIONING_PROFILE = "a634a56b-6130-4304-b636-cab8f8e3629b";
				PROVISIONING_PROFILE_SPECIFIER = "match AdHoc com.salmonapps.app.pr.urlaction";
				SKIP_INSTALL = YES;
				SWIFT_VERSION = 3.0;
			};
			name = Release;
		};
/* End XCBuildConfiguration section */

/* Begin XCConfigurationList section */
		CE54CAE21E925762000CC3E8 /* Build configuration list for PBXProject "pr" */ = {
			isa = XCConfigurationList;
			buildConfigurations = (
				CE54CAF71E925762000CC3E8 /* Debug */,
				CE54CAF81E925762000CC3E8 /* Release */,
			);
			defaultConfigurationIsVisible = 0;
			defaultConfigurationName = Release;
		};
		CE54CAF91E925762000CC3E8 /* Build configuration list for PBXNativeTarget "pr" */ = {
			isa = XCConfigurationList;
			buildConfigurations = (
				CE54CAFA1E925762000CC3E8 /* Debug */,
				CE54CAFB1E925762000CC3E8 /* Release */,
			);
			defaultConfigurationIsVisible = 0;
			defaultConfigurationName = Release;
		};
		CE54CB0B1E9257AF000CC3E8 /* Build configuration list for PBXNativeTarget "urlaction" */ = {
			isa = XCConfigurationList;
			buildConfigurations = (
				CE54CB0C1E9257AF000CC3E8 /* Debug */,
				CE54CB0D1E9257AF000CC3E8 /* Release */,
			);
			defaultConfigurationIsVisible = 0;
			defaultConfigurationName = Release;
		};
/* End XCConfigurationList section */
	};
	rootObject = CE54CADF1E925762000CC3E8 /* Project object */;
}
